
Microsoft Visual Studio Solution File, Format Version 12.00
# Visual Studio Version 17
VisualStudioVersion = 17.4.33205.214
MinimumVisualStudioVersion = 10.0.40219.1
Project("{FAE04EC0-301F-11D3-BF4B-00C04F79EFBC}") = "AuthenthicationApp", "AuthenthicationApp\AuthenthicationApp.csproj", "{923706C2-5CFF-4B0F-BBBB-ED2509EEA234}"
EndProject
Global
	GlobalSection(SolutionConfigurationPlatforms) = preSolution
		Debug|Any CPU = Debug|Any CPU
		Release|Any CPU = Release|Any CPU
	EndGlobalSection
	GlobalSection(ProjectConfigurationPlatforms) = postSolution
		{923706C2-5CFF-4B0F-BBBB-ED2509EEA234}.Debug|Any CPU.ActiveCfg = Debug|Any CPU
		{923706C2-5CFF-4B0F-BBBB-ED2509EEA234}.Debug|Any CPU.Build.0 = Debug|Any CPU
		{923706C2-5CFF-4B0F-BBBB-ED2509EEA234}.Release|Any CPU.ActiveCfg = Release|Any CPU
		{923706C2-5CFF-4B0F-BBBB-ED2509EEA234}.Release|Any CPU.Build.0 = Release|Any CPU
	EndGlobalSection
	GlobalSection(SolutionProperties) = preSolution
		HideSolutionNode = FALSE
	EndGlobalSection
	GlobalSection(ExtensibilityGlobals) = postSolution
		SolutionGuid = {98AB200C-C89E-45DC-BDC8-F881801E7001}
	EndGlobalSection
EndGlobal
